
Microsoft Visual Studio Solution File, Format Version 12.00
# Visual Studio 2013
VisualStudioVersion = 12.0.21005.1
MinimumVisualStudioVersion = 10.0.40219.1
Project("{FAE04EC0-301F-11D3-BF4B-00C04F79EFBC}") = "Ticket", "Ticket\Ticket.csproj", "{368907E2-752F-4871-B5B0-48E581558780}"
EndProject
Project("{FAE04EC0-301F-11D3-BF4B-00C04F79EFBC}") = "Ticket.Tests", "Ticket.Tests\Ticket.Tests.csproj", "{0E0C08D9-C9C6-4B00-AFE0-E986909FDFCC}"
EndProject
Global
	GlobalSection(SolutionConfigurationPlatforms) = preSolution
		Debug|Any CPU = Debug|Any CPU
		Release|Any CPU = Release|Any CPU
	EndGlobalSection
	GlobalSection(ProjectConfigurationPlatforms) = postSolution
		{368907E2-752F-4871-B5B0-48E581558780}.Debug|Any CPU.ActiveCfg = Debug|Any CPU
		{368907E2-752F-4871-B5B0-48E581558780}.Debug|Any CPU.Build.0 = Debug|Any CPU
		{368907E2-752F-4871-B5B0-48E581558780}.Release|Any CPU.ActiveCfg = Release|Any CPU
		{368907E2-752F-4871-B5B0-48E581558780}.Release|Any CPU.Build.0 = Release|Any CPU
		{0E0C08D9-C9C6-4B00-AFE0-E986909FDFCC}.Debug|Any CPU.ActiveCfg = Debug|Any CPU
		{0E0C08D9-C9C6-4B00-AFE0-E986909FDFCC}.Debug|Any CPU.Build.0 = Debug|Any CPU
		{0E0C08D9-C9C6-4B00-AFE0-E986909FDFCC}.Release|Any CPU.ActiveCfg = Release|Any CPU
		{0E0C08D9-C9C6-4B00-AFE0-E986909FDFCC}.Release|Any CPU.Build.0 = Release|Any CPU
	EndGlobalSection
	GlobalSection(SolutionProperties) = preSolution
		HideSolutionNode = FALSE
	EndGlobalSection
EndGlobal
